
Microsoft Visual Studio Solution File, Format Version 12.00
# Visual Studio Version 17
VisualStudioVersion = 17.5.33516.290
MinimumVisualStudioVersion = 10.0.40219.1
Project("{FAE04EC0-301F-11D3-BF4B-00C04F79EFBC}") = "wp03_controls", "wp03_controls\wp03_controls.csproj", "{0EBB8838-05F1-4E5B-9836-00F6E375088F}"
EndProject
Project("{FAE04EC0-301F-11D3-BF4B-00C04F79EFBC}") = "wp04_layout", "wp04_layout\wp04_layout.csproj", "{AF47D98D-EDE6-4D8B-A86C-EAAC59961093}"
EndProject
Project("{FAE04EC0-301F-11D3-BF4B-00C04F79EFBC}") = "wp05_bikeshop", "wp05_bikeshop\wp05_bikeshop.csproj", "{5439ADF4-7C5B-4DA5-9FEF-67DD78096672}"
EndProject
Global
	GlobalSection(SolutionConfigurationPlatforms) = preSolution
		Debug|Any CPU = Debug|Any CPU
		Release|Any CPU = Release|Any CPU
	EndGlobalSection
	GlobalSection(ProjectConfigurationPlatforms) = postSolution
		{0EBB8838-05F1-4E5B-9836-00F6E375088F}.Debug|Any CPU.ActiveCfg = Debug|Any CPU
		{0EBB8838-05F1-4E5B-9836-00F6E375088F}.Debug|Any CPU.Build.0 = Debug|Any CPU
		{0EBB8838-05F1-4E5B-9836-00F6E375088F}.Release|Any CPU.ActiveCfg = Release|Any CPU
		{0EBB8838-05F1-4E5B-9836-00F6E375088F}.Release|Any CPU.Build.0 = Release|Any CPU
		{AF47D98D-EDE6-4D8B-A86C-EAAC59961093}.Debug|Any CPU.ActiveCfg = Debug|Any CPU
		{AF47D98D-EDE6-4D8B-A86C-EAAC59961093}.Debug|Any CPU.Build.0 = Debug|Any CPU
		{AF47D98D-EDE6-4D8B-A86C-EAAC59961093}.Release|Any CPU.ActiveCfg = Release|Any CPU
		{AF47D98D-EDE6-4D8B-A86C-EAAC59961093}.Release|Any CPU.Build.0 = Release|Any CPU
		{5439ADF4-7C5B-4DA5-9FEF-67DD78096672}.Debug|Any CPU.ActiveCfg = Debug|Any CPU
		{5439ADF4-7C5B-4DA5-9FEF-67DD78096672}.Debug|Any CPU.Build.0 = Debug|Any CPU
		{5439ADF4-7C5B-4DA5-9FEF-67DD78096672}.Release|Any CPU.ActiveCfg = Release|Any CPU
		{5439ADF4-7C5B-4DA5-9FEF-67DD78096672}.Release|Any CPU.Build.0 = Release|Any CPU
	EndGlobalSection
	GlobalSection(SolutionProperties) = preSolution
		HideSolutionNode = FALSE
	EndGlobalSection
	GlobalSection(ExtensibilityGlobals) = postSolution
		SolutionGuid = {FD50C5C0-34AD-4974-AF0E-DED0DD4BB749}
	EndGlobalSection
EndGlobal
