
Microsoft Visual Studio Solution File, Format Version 12.00
# Visual Studio Version 17
VisualStudioVersion = 17.5.33516.290
MinimumVisualStudioVersion = 10.0.40219.1
Project("{FAE04EC0-301F-11D3-BF4B-00C04F79EFBC}") = "wp06_mvvm", "wp06_mvvm\wp06_mvvm.csproj", "{5BE740CD-341D-4CA9-A3EA-9A2F6D281BBB}"
EndProject
Project("{FAE04EC0-301F-11D3-BF4B-00C04F79EFBC}") = "wp05_bikeshop", "wp05_bikeshop\wp05_bikeshop.csproj", "{5439ADF4-7C5B-4DA5-9FEF-67DD78096672}"
EndProject
Global
	GlobalSection(SolutionConfigurationPlatforms) = preSolution
		Debug|Any CPU = Debug|Any CPU
		Release|Any CPU = Release|Any CPU
	EndGlobalSection
	GlobalSection(ProjectConfigurationPlatforms) = postSolution
		{5BE740CD-341D-4CA9-A3EA-9A2F6D281BBB}.Debug|Any CPU.ActiveCfg = Debug|Any CPU
		{5BE740CD-341D-4CA9-A3EA-9A2F6D281BBB}.Debug|Any CPU.Build.0 = Debug|Any CPU
		{5BE740CD-341D-4CA9-A3EA-9A2F6D281BBB}.Release|Any CPU.ActiveCfg = Release|Any CPU
		{5BE740CD-341D-4CA9-A3EA-9A2F6D281BBB}.Release|Any CPU.Build.0 = Release|Any CPU
		{5439ADF4-7C5B-4DA5-9FEF-67DD78096672}.Debug|Any CPU.ActiveCfg = Debug|Any CPU
		{5439ADF4-7C5B-4DA5-9FEF-67DD78096672}.Debug|Any CPU.Build.0 = Debug|Any CPU
		{5439ADF4-7C5B-4DA5-9FEF-67DD78096672}.Release|Any CPU.ActiveCfg = Release|Any CPU
		{5439ADF4-7C5B-4DA5-9FEF-67DD78096672}.Release|Any CPU.Build.0 = Release|Any CPU
	EndGlobalSection
	GlobalSection(SolutionProperties) = preSolution
		HideSolutionNode = FALSE
	EndGlobalSection
	GlobalSection(ExtensibilityGlobals) = postSolution
		SolutionGuid = {EE2529E8-A946-4AD3-B491-81DA43B95A17}
	EndGlobalSection
EndGlobal
